
Microsoft Visual Studio Solution File, Format Version 12.00
# Visual Studio Version 16
VisualStudioVersion = 16.0.30503.244
MinimumVisualStudioVersion = 10.0.40219.1
Project("{888888A0-9F3D-457C-B088-3A5042F75D52}") = "MazeRunner", "MazeRunner\MazeRunner.pyproj", "{722A02C5-4475-4E9F-B634-8537366986CD}"
EndProject
Global
	GlobalSection(SolutionConfigurationPlatforms) = preSolution
		Debug|Any CPU = Debug|Any CPU
		Release|Any CPU = Release|Any CPU
	EndGlobalSection
	GlobalSection(ProjectConfigurationPlatforms) = postSolution
		{722A02C5-4475-4E9F-B634-8537366986CD}.Debug|Any CPU.ActiveCfg = Debug|Any CPU
		{722A02C5-4475-4E9F-B634-8537366986CD}.Debug|Any CPU.Build.0 = Debug|Any CPU
		{722A02C5-4475-4E9F-B634-8537366986CD}.Release|Any CPU.ActiveCfg = Release|Any CPU
		{722A02C5-4475-4E9F-B634-8537366986CD}.Release|Any CPU.Build.0 = Release|Any CPU
	EndGlobalSection
	GlobalSection(SolutionProperties) = preSolution
		HideSolutionNode = FALSE
	EndGlobalSection
	GlobalSection(ExtensibilityGlobals) = postSolution
		SolutionGuid = {AC8A73C6-9E24-4C32-86BB-71DD9B5337BB}
	EndGlobalSection
EndGlobal
